{
  "version": 4,
  "terraform_version": "0.14.0",
  "serial": 37,
  "lineage": "a5d72fb7-83d7-78e1-60c5-6cdc55410469",
  "outputs": {},
  "resources": [
    {
      "mode": "managed",
      "type": "google_compute_firewall",
      "name": "firewall",
      "provider": "provider[\"registry.terraform.io/hashicorp/google\"]",
      "instances": [
        {
          "schema_version": 1,
          "attributes": {
            "allow": [
              {
                "ports": [
                  "22"
                ],
                "protocol": "tcp"
              }
            ],
            "creation_timestamp": "2022-05-06T12:37:44.933-07:00",
            "deny": [],
            "description": "",
            "destination_ranges": [],
            "direction": "INGRESS",
            "disabled": false,
            "enable_logging": null,
            "id": "projects/heroic-tide-348508/global/firewalls/public-firewall",
            "log_config": [],
            "name": "public-firewall",
            "network": "https://www.googleapis.com/compute/v1/projects/heroic-tide-348508/global/networks/finaltask",
            "priority": 1000,
            "project": "heroic-tide-348508",
            "self_link": "https://www.googleapis.com/compute/v1/projects/heroic-tide-348508/global/firewalls/public-firewall",
            "source_ranges": [
              "35.235.240.0/20"
            ],
            "source_service_accounts": [],
            "source_tags": [],
            "target_service_accounts": [],
            "target_tags": [],
            "timeouts": null
          },
          "sensitive_attributes": [],
          "private": "eyJlMmJmYjczMC1lY2FhLTExZTYtOGY4OC0zNDM2M2JjN2M0YzAiOnsiY3JlYXRlIjoxMjAwMDAwMDAwMDAwLCJkZWxldGUiOjEyMDAwMDAwMDAwMDAsInVwZGF0ZSI6MTIwMDAwMDAwMDAwMH0sInNjaGVtYV92ZXJzaW9uIjoiMSJ9",
          "dependencies": [
            "google_compute_network.vpc"
          ]
        }
      ]
    },
    {
      "mode": "managed",
      "type": "google_compute_instance",
      "name": "default",
      "provider": "provider[\"registry.terraform.io/hashicorp/google\"]",
      "instances": [
        {
          "schema_version": 6,
          "attributes": {
            "advanced_machine_features": [],
            "allow_stopping_for_update": null,
            "attached_disk": [],
            "boot_disk": [
              {
                "auto_delete": true,
                "device_name": "persistent-disk-0",
                "disk_encryption_key_raw": "",
                "disk_encryption_key_sha256": "",
                "initialize_params": [
                  {
                    "image": "https://www.googleapis.com/compute/v1/projects/ubuntu-os-cloud/global/images/ubuntu-2004-focal-v20220419",
                    "labels": {},
                    "size": 10,
                    "type": "pd-standard"
                  }
                ],
                "kms_key_self_link": "",
                "mode": "READ_WRITE",
                "source": "https://www.googleapis.com/compute/v1/projects/heroic-tide-348508/zones/us-central1-a/disks/testing"
              }
            ],
            "can_ip_forward": false,
            "confidential_instance_config": [],
            "cpu_platform": "Intel Broadwell",
            "current_status": "RUNNING",
            "deletion_protection": false,
            "description": "",
            "desired_status": null,
            "enable_display": false,
            "guest_accelerator": [],
            "hostname": "",
            "id": "projects/heroic-tide-348508/zones/us-central1-a/instances/testing",
            "instance_id": "7164321528129535832",
            "label_fingerprint": "42WmSpB8rSM=",
            "labels": {},
            "machine_type": "e2-medium",
            "metadata": {},
            "metadata_fingerprint": "ESOK23KF3NQ=",
            "metadata_startup_script": null,
            "min_cpu_platform": "",
            "name": "testing",
            "network_interface": [
              {
                "access_config": [],
                "alias_ip_range": [],
                "ipv6_access_config": [],
                "ipv6_access_type": "",
                "name": "nic0",
                "network": "https://www.googleapis.com/compute/v1/projects/heroic-tide-348508/global/networks/finaltask",
                "network_ip": "10.10.0.3",
                "nic_type": "",
                "queue_count": 0,
                "stack_type": "IPV4_ONLY",
                "subnetwork": "https://www.googleapis.com/compute/v1/projects/heroic-tide-348508/regions/us-central1/subnetworks/puplic-sub",
                "subnetwork_project": "heroic-tide-348508"
              }
            ],
            "project": "heroic-tide-348508",
            "reservation_affinity": [],
            "resource_policies": [],
            "scheduling": [
              {
                "automatic_restart": true,
                "min_node_cpus": 0,
                "node_affinities": [],
                "on_host_maintenance": "MIGRATE",
                "preemptible": false,
                "provisioning_model": "STANDARD"
              }
            ],
            "scratch_disk": [],
            "self_link": "https://www.googleapis.com/compute/v1/projects/heroic-tide-348508/zones/us-central1-a/instances/testing",
            "service_account": [
              {
                "email": "gcp-terraform@heroic-tide-348508.iam.gserviceaccount.com",
                "scopes": [
                  "https://www.googleapis.com/auth/cloud-platform"
                ]
              }
            ],
            "shielded_instance_config": [
              {
                "enable_integrity_monitoring": true,
                "enable_secure_boot": false,
                "enable_vtpm": true
              }
            ],
            "tags": [],
            "tags_fingerprint": "42WmSpB8rSM=",
            "timeouts": null,
            "zone": "us-central1-a"
          },
          "sensitive_attributes": [],
          "private": "eyJlMmJmYjczMC1lY2FhLTExZTYtOGY4OC0zNDM2M2JjN2M0YzAiOnsiY3JlYXRlIjoxMjAwMDAwMDAwMDAwLCJkZWxldGUiOjEyMDAwMDAwMDAwMDAsInVwZGF0ZSI6MTIwMDAwMDAwMDAwMH0sInNjaGVtYV92ZXJzaW9uIjoiNiJ9",
          "dependencies": [
            "google_compute_firewall.firewall",
            "google_compute_network.vpc",
            "google_compute_subnetwork.subnet",
            "google_compute_subnetwork.subnet2",
            "google_service_account.SVaccounnt"
          ]
        }
      ]
    },
    {
      "mode": "managed",
      "type": "google_compute_network",
      "name": "vpc",
      "provider": "provider[\"registry.terraform.io/hashicorp/google\"]",
      "instances": [
        {
          "schema_version": 0,
          "attributes": {
            "auto_create_subnetworks": false,
            "delete_default_routes_on_create": false,
            "description": "",
            "gateway_ipv4": "",
            "id": "projects/heroic-tide-348508/global/networks/finaltask",
            "mtu": 1460,
            "name": "finaltask",
            "project": "heroic-tide-348508",
            "routing_mode": "REGIONAL",
            "self_link": "https://www.googleapis.com/compute/v1/projects/heroic-tide-348508/global/networks/finaltask",
            "timeouts": null
          },
          "sensitive_attributes": [],
          "private": "eyJlMmJmYjczMC1lY2FhLTExZTYtOGY4OC0zNDM2M2JjN2M0YzAiOnsiY3JlYXRlIjoxMjAwMDAwMDAwMDAwLCJkZWxldGUiOjEyMDAwMDAwMDAwMDAsInVwZGF0ZSI6MTIwMDAwMDAwMDAwMH19"
        }
      ]
    },
    {
      "mode": "managed",
      "type": "google_compute_router",
      "name": "router",
      "provider": "provider[\"registry.terraform.io/hashicorp/google\"]",
      "instances": [
        {
          "schema_version": 0,
          "attributes": {
            "bgp": [
              {
                "advertise_mode": "DEFAULT",
                "advertised_groups": [],
                "advertised_ip_ranges": [],
                "asn": 64514,
                "keepalive_interval": 20
              }
            ],
            "creation_timestamp": "2022-05-06T12:37:57.308-07:00",
            "description": "",
            "encrypted_interconnect_router": false,
            "id": "projects/heroic-tide-348508/regions/us-central1/routers/my-router",
            "name": "my-router",
            "network": "https://www.googleapis.com/compute/v1/projects/heroic-tide-348508/global/networks/finaltask",
            "project": "heroic-tide-348508",
            "region": "us-central1",
            "self_link": "https://www.googleapis.com/compute/v1/projects/heroic-tide-348508/regions/us-central1/routers/my-router",
            "timeouts": null
          },
          "sensitive_attributes": [],
          "private": "eyJlMmJmYjczMC1lY2FhLTExZTYtOGY4OC0zNDM2M2JjN2M0YzAiOnsiY3JlYXRlIjoxMjAwMDAwMDAwMDAwLCJkZWxldGUiOjEyMDAwMDAwMDAwMDAsInVwZGF0ZSI6MTIwMDAwMDAwMDAwMH19",
          "dependencies": [
            "google_compute_network.vpc",
            "google_compute_subnetwork.subnet"
          ]
        }
      ]
    },
    {
      "mode": "managed",
      "type": "google_compute_router_nat",
      "name": "nat",
      "provider": "provider[\"registry.terraform.io/hashicorp/google\"]",
      "instances": [
        {
          "schema_version": 0,
          "attributes": {
            "drain_nat_ips": [],
            "enable_endpoint_independent_mapping": true,
            "icmp_idle_timeout_sec": 30,
            "id": "heroic-tide-348508/us-central1/my-router/my-router-nat",
            "log_config": [],
            "min_ports_per_vm": 0,
            "name": "my-router-nat",
            "nat_ip_allocate_option": "AUTO_ONLY",
            "nat_ips": [],
            "project": "heroic-tide-348508",
            "region": "us-central1",
            "router": "my-router",
            "source_subnetwork_ip_ranges_to_nat": "LIST_OF_SUBNETWORKS",
            "subnetwork": [
              {
                "name": "https://www.googleapis.com/compute/v1/projects/heroic-tide-348508/regions/us-central1/subnetworks/puplic-sub",
                "secondary_ip_range_names": [],
                "source_ip_ranges_to_nat": [
                  "ALL_IP_RANGES"
                ]
              }
            ],
            "tcp_established_idle_timeout_sec": 1200,
            "tcp_transitory_idle_timeout_sec": 30,
            "timeouts": null,
            "udp_idle_timeout_sec": 30
          },
          "sensitive_attributes": [],
          "private": "eyJlMmJmYjczMC1lY2FhLTExZTYtOGY4OC0zNDM2M2JjN2M0YzAiOnsiY3JlYXRlIjoxMjAwMDAwMDAwMDAwLCJkZWxldGUiOjEyMDAwMDAwMDAwMDAsInVwZGF0ZSI6MTIwMDAwMDAwMDAwMH19",
          "dependencies": [
            "google_compute_network.vpc",
            "google_compute_router.router",
            "google_compute_subnetwork.subnet"
          ]
        }
      ]
    },
    {
      "mode": "managed",
      "type": "google_compute_subnetwork",
      "name": "subnet",
      "provider": "provider[\"registry.terraform.io/hashicorp/google\"]",
      "instances": [
        {
          "schema_version": 0,
          "attributes": {
            "creation_timestamp": "2022-05-06T12:37:45.100-07:00",
            "description": "",
            "external_ipv6_prefix": "",
            "fingerprint": null,
            "gateway_address": "10.10.0.1",
            "id": "projects/heroic-tide-348508/regions/us-central1/subnetworks/puplic-sub",
            "ip_cidr_range": "10.10.0.0/24",
            "ipv6_access_type": "",
            "ipv6_cidr_range": "",
            "log_config": [],
            "name": "puplic-sub",
            "network": "https://www.googleapis.com/compute/v1/projects/heroic-tide-348508/global/networks/finaltask",
            "private_ip_google_access": true,
            "private_ipv6_google_access": "DISABLE_GOOGLE_ACCESS",
            "project": "heroic-tide-348508",
            "purpose": "PRIVATE",
            "region": "us-central1",
            "role": "",
            "secondary_ip_range": [],
            "self_link": "https://www.googleapis.com/compute/v1/projects/heroic-tide-348508/regions/us-central1/subnetworks/puplic-sub",
            "stack_type": "IPV4_ONLY",
            "timeouts": null
          },
          "sensitive_attributes": [],
          "private": "eyJlMmJmYjczMC1lY2FhLTExZTYtOGY4OC0zNDM2M2JjN2M0YzAiOnsiY3JlYXRlIjoxMjAwMDAwMDAwMDAwLCJkZWxldGUiOjEyMDAwMDAwMDAwMDAsInVwZGF0ZSI6MTIwMDAwMDAwMDAwMH19",
          "dependencies": [
            "google_compute_network.vpc"
          ]
        }
      ]
    },
    {
      "mode": "managed",
      "type": "google_compute_subnetwork",
      "name": "subnet2",
      "provider": "provider[\"registry.terraform.io/hashicorp/google\"]",
      "instances": [
        {
          "schema_version": 0,
          "attributes": {
            "creation_timestamp": "2022-05-06T12:37:45.702-07:00",
            "description": "",
            "external_ipv6_prefix": "",
            "fingerprint": null,
            "gateway_address": "10.0.10.1",
            "id": "projects/heroic-tide-348508/regions/us-central1/subnetworks/restricted-sub",
            "ip_cidr_range": "10.0.10.0/24",
            "ipv6_access_type": "",
            "ipv6_cidr_range": "",
            "log_config": [],
            "name": "restricted-sub",
            "network": "https://www.googleapis.com/compute/v1/projects/heroic-tide-348508/global/networks/finaltask",
            "private_ip_google_access": true,
            "private_ipv6_google_access": "DISABLE_GOOGLE_ACCESS",
            "project": "heroic-tide-348508",
            "purpose": "PRIVATE",
            "region": "us-central1",
            "role": "",
            "secondary_ip_range": [
              {
                "ip_cidr_range": "10.208.0.0/14",
                "range_name": "gke-app-cluster-pods-80ef2473"
              },
              {
                "ip_cidr_range": "10.212.0.0/20",
                "range_name": "gke-app-cluster-services-80ef2473"
              }
            ],
            "self_link": "https://www.googleapis.com/compute/v1/projects/heroic-tide-348508/regions/us-central1/subnetworks/restricted-sub",
            "stack_type": "IPV4_ONLY",
            "timeouts": null
          },
          "sensitive_attributes": [],
          "private": "eyJlMmJmYjczMC1lY2FhLTExZTYtOGY4OC0zNDM2M2JjN2M0YzAiOnsiY3JlYXRlIjoxMjAwMDAwMDAwMDAwLCJkZWxldGUiOjEyMDAwMDAwMDAwMDAsInVwZGF0ZSI6MTIwMDAwMDAwMDAwMH19",
          "dependencies": [
            "google_compute_network.vpc"
          ]
        }
      ]
    },
    {
      "mode": "managed",
      "type": "google_container_cluster",
      "name": "app_cluster",
      "provider": "provider[\"registry.terraform.io/hashicorp/google\"]",
      "instances": [
        {
          "schema_version": 1,
          "attributes": {
            "addons_config": [
              {
                "cloudrun_config": [],
                "gcp_filestore_csi_driver_config": [],
                "horizontal_pod_autoscaling": [],
                "http_load_balancing": [],
                "network_policy_config": [
                  {
                    "disabled": true
                  }
                ]
              }
            ],
            "authenticator_groups_config": [],
            "cluster_autoscaling": [
              {
                "auto_provisioning_defaults": [],
                "enabled": false,
                "resource_limits": []
              }
            ],
            "cluster_ipv4_cidr": "10.208.0.0/14",
            "confidential_nodes": [],
            "database_encryption": [
              {
                "key_name": "",
                "state": "DECRYPTED"
              }
            ],
            "datapath_provider": "",
            "default_max_pods_per_node": 110,
            "default_snat_status": [
              {
                "disabled": false
              }
            ],
            "description": "",
            "dns_config": [],
            "enable_autopilot": false,
            "enable_binary_authorization": false,
            "enable_intranode_visibility": false,
            "enable_kubernetes_alpha": false,
            "enable_legacy_abac": false,
            "enable_shielded_nodes": true,
            "enable_tpu": false,
            "endpoint": "192.168.1.2",
            "id": "projects/heroic-tide-348508/locations/us-central1-b/clusters/app-cluster",
            "initial_node_count": 1,
            "ip_allocation_policy": [
              {
                "cluster_ipv4_cidr_block": "10.208.0.0/14",
                "cluster_secondary_range_name": "gke-app-cluster-pods-80ef2473",
                "services_ipv4_cidr_block": "10.212.0.0/20",
                "services_secondary_range_name": "gke-app-cluster-services-80ef2473"
              }
            ],
            "label_fingerprint": "a9dc16a7",
            "location": "us-central1-b",
            "logging_config": [
              {
                "enable_components": [
                  "SYSTEM_COMPONENTS",
                  "WORKLOADS"
                ]
              }
            ],
            "logging_service": "logging.googleapis.com/kubernetes",
            "maintenance_policy": [],
            "master_auth": [
              {
                "client_certificate": "",
                "client_certificate_config": [
                  {
                    "issue_client_certificate": false
                  }
                ],
                "client_key": "",
                "cluster_ca_certificate": "LS0tLS1CRUdJTiBDRVJUSUZJQ0FURS0tLS0tCk1JSUVMRENDQXBTZ0F3SUJBZ0lRSUJNUGVrY3FhK0F6KzhwWWF2RU1xREFOQmdrcWhraUc5dzBCQVFzRkFEQXYKTVMwd0t3WURWUVFERXlRNFpqQTJNV05rWXkwM01qTmxMVFE0WmprdE9HTTVaQzAzTXpGa01EaGtOV05sTWpNdwpJQmNOTWpJd05UQTJNVGd6TnpVM1doZ1BNakExTWpBME1qZ3hPVE0zTlRkYU1DOHhMVEFyQmdOVkJBTVRKRGhtCk1EWXhZMlJqTFRjeU0yVXRORGhtT1MwNFl6bGtMVGN6TVdRd09HUTFZMlV5TXpDQ0FhSXdEUVlKS29aSWh2Y04KQVFFQkJRQURnZ0dQQURDQ0FZb0NnZ0dCQU5FWHJHUnl6MzdSclVXNUgyTGlhU28wV2dMV0N2TUhHT1NJVDBhcwp2TjBWVUMzOUxzMFFEelVyMy9zaGJSMHQzeEF4dmh0Rnp2ZzM5a0N2RHdqOTAvaHF4MFdiaVB4a3FOckxMb2gwCkNwaldVUHlCVFJvMzRFY210VnlvZEE4VWZJMGh4VHFsdFVyb2hUMmNQc1ljMzNxajRhYVM1bkJhYnVCdTEvc2EKZHhZaU9ZaHNuOTNQUG5ERStZVVVGWnl2eTE1MzBBdXlBSjhXc1cyK2pYZTAxOHdob2d5ZVRlRWE1TVRvRnQwUQpKN2VnN0w1UGRKNU9HRjlQYTN3U3EyLzExQTZzV2xZZ3c2Ykd1ZlY5SFdPVWI4eTVoZVo3aVBjTnBrTG1NTUYzCkNoV2dyOHRqbmMwVnRwZUpLMEduWWd2M0lPamhhdE40VVgyT1ZwNCthbDRwRmkzT09hQXVxZ1VDQ1JKY2VrcUUKRnB6Z083TXc0V2FhQWZNakJWM2RWM0tjcVU0bitXNmNKbVE2dUc4SXdwNGM1WkJQTE5NV1NoRzdLNzNGa0pSUQpFVFRUY0xtMmVwekFBVHhjckc2SnBwS29PeEpKdXYraGZFT2YyRklHZ2dObm4vRS9sUGZJRFF2QUx1NTFSK3VaCmRwbmFHWDVjMFN4cjE3ZEUvZkE0NjNKQmx3SURBUUFCbzBJd1FEQU9CZ05WSFE4QkFmOEVCQU1DQWdRd0R3WUQKVlIwVEFRSC9CQVV3QXdFQi96QWRCZ05WSFE0RUZnUVUvMXBKZG9qSzhwbFA1bk1ZaXBCYVQ3ZThCclF3RFFZSgpLb1pJaHZjTkFRRUxCUUFEZ2dHQkFGZzFwcG9BU1h3YkQ4QXJhWHhqbDlhN1MvZTExdXBtVnBNQkV1bVl3YmprClRoeFVXaXErNUIzRk9lVG9Bb2huV0gxV1Z5cC9FTHhMRkpVTHd2Q1NWMTZlQ2Y0cFpNbjRhVXBhNTlZT0Z1NzUKUUFGQnRuS3RWMi8zRDZ2MVlKdW1PUWJrY2hTczM0bnVxbU8xQ2h1bzgxOWpnN284L1RnK0ZtWWFjU21LWWFFMApPREVvb1FBdW9QaVpIRFk2VFk0L1FGRndHK3ZUL2syUjBHQVBTSW0rSnlzd2xrSXl3RHF5YmE1K3haWUJ5RVdrCjhzdmxnYzhwNjVTenFDeWRPM0JHNXZmbkwwZFV6ZHVLUGVpM0FPZUU0cGpiSTE0TGFSS3Y5eXZlbjRpck03TzYKcVliWnRlbWFuclM0Q0NWUExjOFhQNmxhVzRkMXNWdm45dFBnbHNzZ0x5eTFUVHBUa1VWeTFNckJZRTVaZmVUbwpPdFlDaXJtNjNlcjRNNWYyNlJRUDF5MFdUblpKZWpkeGJrZ1ArOE9UbGJrbFh2OEtvVWZOSDlyY1ZuZXd0c2VmCk5Kb2ZiazlqVG1RUmkyQitzQnF1VDNEait2eUZ2bHRUTWF1cG9OZzRMK0NndGoydlZyTktmcEl2MTRhblFnRzgKVzBBbDJ6NEpST1RWRGFITHI3d0U3dz09Ci0tLS0tRU5EIENFUlRJRklDQVRFLS0tLS0K"
              }
            ],
            "master_authorized_networks_config": [
              {
                "cidr_blocks": [
                  {
                    "cidr_block": "10.10.0.0/24",
                    "display_name": "Management CIDR"
                  }
                ]
              }
            ],
            "master_version": "1.20.15-gke.3400",
            "min_master_version": null,
            "monitoring_config": [
              {
                "enable_components": [
                  "SYSTEM_COMPONENTS"
                ]
              }
            ],
            "monitoring_service": "monitoring.googleapis.com/kubernetes",
            "name": "app-cluster",
            "network": "projects/heroic-tide-348508/global/networks/finaltask",
            "network_policy": [
              {
                "enabled": false,
                "provider": "PROVIDER_UNSPECIFIED"
              }
            ],
            "networking_mode": "VPC_NATIVE",
            "node_config": [
              {
                "boot_disk_kms_key": "",
                "disk_size_gb": 10,
                "disk_type": "pd-standard",
                "gcfs_config": [],
                "guest_accelerator": [],
                "gvnic": [],
                "image_type": "COS_CONTAINERD",
                "labels": {
                  "cluster": "app-cluster"
                },
                "local_ssd_count": 0,
                "machine_type": "e2-medium",
                "metadata": {
                  "disable-legacy-endpoints": "true"
                },
                "min_cpu_platform": "",
                "node_group": "",
                "oauth_scopes": [
                  "https://www.googleapis.com/auth/devstorage.read_only",
                  "https://www.googleapis.com/auth/logging.write",
                  "https://www.googleapis.com/auth/monitoring",
                  "https://www.googleapis.com/auth/service.management.readonly",
                  "https://www.googleapis.com/auth/servicecontrol",
                  "https://www.googleapis.com/auth/trace.append"
                ],
                "preemptible": true,
                "service_account": "gcp-terraform@heroic-tide-348508.iam.gserviceaccount.com",
                "shielded_instance_config": [
                  {
                    "enable_integrity_monitoring": true,
                    "enable_secure_boot": false
                  }
                ],
                "tags": [],
                "taint": [],
                "workload_metadata_config": []
              }
            ],
            "node_locations": [],
            "node_pool": [
              {
                "autoscaling": [
                  {
                    "max_node_count": 3,
                    "min_node_count": 1
                  }
                ],
                "initial_node_count": 3,
                "instance_group_urls": [
                  "https://www.googleapis.com/compute/v1/projects/heroic-tide-348508/zones/us-central1-b/instanceGroupManagers/gke-app-cluster-app-cluster--linux-no-b6ddaaaf-grp"
                ],
                "managed_instance_group_urls": [
                  "https://www.googleapis.com/compute/v1/projects/heroic-tide-348508/zones/us-central1-b/instanceGroups/gke-app-cluster-app-cluster--linux-no-b6ddaaaf-grp"
                ],
                "management": [
                  {
                    "auto_repair": true,
                    "auto_upgrade": true
                  }
                ],
                "max_pods_per_node": 100,
                "name": "app-cluster--linux-node-pool",
                "name_prefix": "",
                "node_config": [
                  {
                    "boot_disk_kms_key": "",
                    "disk_size_gb": 10,
                    "disk_type": "pd-standard",
                    "gcfs_config": [],
                    "guest_accelerator": [],
                    "gvnic": [],
                    "image_type": "COS_CONTAINERD",
                    "labels": {
                      "cluster": "app-cluster"
                    },
                    "local_ssd_count": 0,
                    "machine_type": "e2-medium",
                    "metadata": {
                      "disable-legacy-endpoints": "true"
                    },
                    "min_cpu_platform": "",
                    "node_group": "",
                    "oauth_scopes": [
                      "https://www.googleapis.com/auth/devstorage.read_only",
                      "https://www.googleapis.com/auth/logging.write",
                      "https://www.googleapis.com/auth/monitoring",
                      "https://www.googleapis.com/auth/service.management.readonly",
                      "https://www.googleapis.com/auth/servicecontrol",
                      "https://www.googleapis.com/auth/trace.append"
                    ],
                    "preemptible": true,
                    "service_account": "gcp-terraform@heroic-tide-348508.iam.gserviceaccount.com",
                    "shielded_instance_config": [
                      {
                        "enable_integrity_monitoring": true,
                        "enable_secure_boot": false
                      }
                    ],
                    "tags": [],
                    "taint": [],
                    "workload_metadata_config": []
                  }
                ],
                "node_count": 2,
                "node_locations": [
                  "us-central1-b"
                ],
                "upgrade_settings": [
                  {
                    "max_surge": 1,
                    "max_unavailable": 1
                  }
                ],
                "version": "1.20.15-gke.3400"
              }
            ],
            "node_version": "1.20.15-gke.3400",
            "operation": null,
            "private_cluster_config": [
              {
                "enable_private_endpoint": true,
                "enable_private_nodes": true,
                "master_global_access_config": [
                  {
                    "enabled": false
                  }
                ],
                "master_ipv4_cidr_block": "192.168.1.0/28",
                "peering_name": "gke-n0e25b302f46e0ac06d6-36c1-fc6f-peer",
                "private_endpoint": "192.168.1.2",
                "public_endpoint": "35.194.3.233"
              }
            ],
            "private_ipv6_google_access": "",
            "project": "heroic-tide-348508",
            "release_channel": [
              {
                "channel": "STABLE"
              }
            ],
            "remove_default_node_pool": true,
            "resource_labels": {},
            "resource_usage_export_config": [],
            "self_link": "https://container.googleapis.com/v1/projects/heroic-tide-348508/zones/us-central1-b/clusters/app-cluster",
            "services_ipv4_cidr": "10.212.0.0/20",
            "subnetwork": "projects/heroic-tide-348508/regions/us-central1/subnetworks/restricted-sub",
            "timeouts": null,
            "tpu_ipv4_cidr_block": "",
            "vertical_pod_autoscaling": [],
            "workload_identity_config": []
          },
          "sensitive_attributes": [],
          "private": "eyJlMmJmYjczMC1lY2FhLTExZTYtOGY4OC0zNDM2M2JjN2M0YzAiOnsiY3JlYXRlIjoyNDAwMDAwMDAwMDAwLCJkZWxldGUiOjI0MDAwMDAwMDAwMDAsInJlYWQiOjI0MDAwMDAwMDAwMDAsInVwZGF0ZSI6MzYwMDAwMDAwMDAwMH0sInNjaGVtYV92ZXJzaW9uIjoiMSJ9",
          "dependencies": [
            "google_compute_firewall.firewall",
            "google_compute_network.vpc",
            "google_compute_subnetwork.subnet",
            "google_compute_subnetwork.subnet2"
          ]
        }
      ]
    },
    {
      "mode": "managed",
      "type": "google_container_node_pool",
      "name": "app_cluster_linux_node_pool",
      "provider": "provider[\"registry.terraform.io/hashicorp/google\"]",
      "instances": [
        {
          "schema_version": 1,
          "attributes": {
            "autoscaling": [
              {
                "max_node_count": 3,
                "min_node_count": 1
              }
            ],
            "cluster": "app-cluster",
            "id": "projects/heroic-tide-348508/locations/us-central1-b/clusters/app-cluster/nodePools/app-cluster--linux-node-pool",
            "initial_node_count": 3,
            "instance_group_urls": [
              "https://www.googleapis.com/compute/v1/projects/heroic-tide-348508/zones/us-central1-b/instanceGroupManagers/gke-app-cluster-app-cluster--linux-no-b6ddaaaf-grp"
            ],
            "location": "us-central1-b",
            "managed_instance_group_urls": [
              "https://www.googleapis.com/compute/v1/projects/heroic-tide-348508/zones/us-central1-b/instanceGroups/gke-app-cluster-app-cluster--linux-no-b6ddaaaf-grp"
            ],
            "management": [
              {
                "auto_repair": true,
                "auto_upgrade": true
              }
            ],
            "max_pods_per_node": 100,
            "name": "app-cluster--linux-node-pool",
            "name_prefix": "",
            "node_config": [
              {
                "boot_disk_kms_key": "",
                "disk_size_gb": 10,
                "disk_type": "pd-standard",
                "gcfs_config": [],
                "guest_accelerator": [],
                "gvnic": [],
                "image_type": "COS_CONTAINERD",
                "labels": {
                  "cluster": "app-cluster"
                },
                "local_ssd_count": 0,
                "machine_type": "e2-medium",
                "metadata": {
                  "disable-legacy-endpoints": "true"
                },
                "min_cpu_platform": "",
                "node_group": "",
                "oauth_scopes": [
                  "https://www.googleapis.com/auth/devstorage.read_only",
                  "https://www.googleapis.com/auth/logging.write",
                  "https://www.googleapis.com/auth/monitoring",
                  "https://www.googleapis.com/auth/service.management.readonly",
                  "https://www.googleapis.com/auth/servicecontrol",
                  "https://www.googleapis.com/auth/trace.append"
                ],
                "preemptible": true,
                "service_account": "gcp-terraform@heroic-tide-348508.iam.gserviceaccount.com",
                "shielded_instance_config": [
                  {
                    "enable_integrity_monitoring": true,
                    "enable_secure_boot": false
                  }
                ],
                "tags": [],
                "taint": [],
                "workload_metadata_config": []
              }
            ],
            "node_count": 3,
            "node_locations": [
              "us-central1-b"
            ],
            "operation": null,
            "project": "heroic-tide-348508",
            "timeouts": null,
            "upgrade_settings": [
              {
                "max_surge": 1,
                "max_unavailable": 1
              }
            ],
            "version": "1.20.15-gke.3400"
          },
          "sensitive_attributes": [],
          "private": "eyJlMmJmYjczMC1lY2FhLTExZTYtOGY4OC0zNDM2M2JjN2M0YzAiOnsiY3JlYXRlIjoxODAwMDAwMDAwMDAwLCJkZWxldGUiOjE4MDAwMDAwMDAwMDAsInVwZGF0ZSI6MTgwMDAwMDAwMDAwMH0sInNjaGVtYV92ZXJzaW9uIjoiMSJ9",
          "dependencies": [
            "google_compute_firewall.firewall",
            "google_compute_network.vpc",
            "google_compute_subnetwork.subnet",
            "google_compute_subnetwork.subnet2",
            "google_container_cluster.app_cluster",
            "google_service_account.SVaccounnt"
          ]
        }
      ]
    },
    {
      "mode": "managed",
      "type": "google_project_iam_member",
      "name": "SVaccounnt_rb",
      "provider": "provider[\"registry.terraform.io/hashicorp/google\"]",
      "instances": [
        {
          "schema_version": 0,
          "attributes": {
            "condition": [],
            "etag": "BwXeXP0rbRc=",
            "id": "heroic-tide-348508/roles/editor/serviceAccount:gcp-terraform@heroic-tide-348508.iam.gserviceaccount.com",
            "member": "serviceAccount:gcp-terraform@heroic-tide-348508.iam.gserviceaccount.com",
            "project": "heroic-tide-348508",
            "role": "roles/editor"
          },
          "sensitive_attributes": [],
          "private": "bnVsbA==",
          "dependencies": [
            "google_service_account.SVaccounnt"
          ]
        }
      ]
    },
    {
      "mode": "managed",
      "type": "google_service_account",
      "name": "SVaccounnt",
      "provider": "provider[\"registry.terraform.io/hashicorp/google\"]",
      "instances": [
        {
          "schema_version": 0,
          "attributes": {
            "account_id": "gcp-terraform",
            "description": "",
            "disabled": false,
            "display_name": "Service Account",
            "email": "gcp-terraform@heroic-tide-348508.iam.gserviceaccount.com",
            "id": "projects/heroic-tide-348508/serviceAccounts/gcp-terraform@heroic-tide-348508.iam.gserviceaccount.com",
            "name": "projects/heroic-tide-348508/serviceAccounts/gcp-terraform@heroic-tide-348508.iam.gserviceaccount.com",
            "project": "heroic-tide-348508",
            "timeouts": null,
            "unique_id": "106693209100328640259"
          },
          "sensitive_attributes": [],
          "private": "eyJlMmJmYjczMC1lY2FhLTExZTYtOGY4OC0zNDM2M2JjN2M0YzAiOnsiY3JlYXRlIjozMDAwMDAwMDAwMDB9fQ=="
        }
      ]
    }
  ]
}
